
Microsoft Visual Studio Solution File, Format Version 12.00
# Visual Studio Version 17
VisualStudioVersion = 17.5.33502.453
MinimumVisualStudioVersion = 10.0.40219.1
Project("{FAE04EC0-301F-11D3-BF4B-00C04F79EFBC}") = "Tile Mapper", "Tile Mapper\Tile Mapper.csproj", "{4DDB95B2-5F39-48A5-8E98-E2896064AE88}"
EndProject
Global
	GlobalSection(SolutionConfigurationPlatforms) = preSolution
		Debug|Any CPU = Debug|Any CPU
		Release|Any CPU = Release|Any CPU
	EndGlobalSection
	GlobalSection(ProjectConfigurationPlatforms) = postSolution
		{4DDB95B2-5F39-48A5-8E98-E2896064AE88}.Debug|Any CPU.ActiveCfg = Debug|Any CPU
		{4DDB95B2-5F39-48A5-8E98-E2896064AE88}.Debug|Any CPU.Build.0 = Debug|Any CPU
		{4DDB95B2-5F39-48A5-8E98-E2896064AE88}.Release|Any CPU.ActiveCfg = Release|Any CPU
		{4DDB95B2-5F39-48A5-8E98-E2896064AE88}.Release|Any CPU.Build.0 = Release|Any CPU
	EndGlobalSection
	GlobalSection(SolutionProperties) = preSolution
		HideSolutionNode = FALSE
	EndGlobalSection
	GlobalSection(ExtensibilityGlobals) = postSolution
		SolutionGuid = {924DCFED-B883-4F82-96C0-F66B6D99BF6D}
	EndGlobalSection
EndGlobal
